
Microsoft Visual Studio Solution File, Format Version 12.00
# Visual Studio 15
VisualStudioVersion = 15.0.27004.2008
MinimumVisualStudioVersion = 15.0.26124.0
Project("{9A19103F-16F7-4668-BE54-9A1E7A4F7556}") = "WebSite", "WebSite\WebSite.csproj", "{2B1DF7DD-02BC-490E-8BBE-DE786B7B8114}"
EndProject
Project("{9A19103F-16F7-4668-BE54-9A1E7A4F7556}") = "BeavisCli", "BeavisCli\BeavisCli.csproj", "{868BF5A5-220B-4399-9930-C2854A3A1113}"
EndProject
Project("{9A19103F-16F7-4668-BE54-9A1E7A4F7556}") = "BeavisCli.Debugging", "BeavisCli.Debugging\BeavisCli.Debugging.csproj", "{A339D9E2-2793-4268-80D6-12D5621A1271}"
EndProject
Project("{2150E333-8FDC-42A3-9474-1A3956D46DE8}") = "CLI", "CLI", "{FAF01498-0E49-4061-AD64-AB0E3B6EACBB}"
EndProject
Project("{9A19103F-16F7-4668-BE54-9A1E7A4F7556}") = "Host", "Host\Host.csproj", "{3CF0F6A2-9C76-4E5D-A522-456CFF73A9C3}"
EndProject
Project("{9A19103F-16F7-4668-BE54-9A1E7A4F7556}") = "Module", "Module\Module.csproj", "{06C20CCE-E1C6-4267-89FA-7AC2C96BAC8B}"
EndProject
Project("{9A19103F-16F7-4668-BE54-9A1E7A4F7556}") = "Shared", "Shared\Shared.csproj", "{96D6D263-4CA3-438D-A703-E976B5E69579}"
EndProject
Project("{FAE04EC0-301F-11D3-BF4B-00C04F79EFBC}") = "Entry", "Entry\Entry.csproj", "{48B28CB6-79E1-4B70-A377-22F6853DEB66}"
EndProject
Global
	GlobalSection(SolutionConfigurationPlatforms) = preSolution
		Debug|Any CPU = Debug|Any CPU
		Debug|x64 = Debug|x64
		Debug|x86 = Debug|x86
		Release|Any CPU = Release|Any CPU
		Release|x64 = Release|x64
		Release|x86 = Release|x86
	EndGlobalSection
	GlobalSection(ProjectConfigurationPlatforms) = postSolution
		{2B1DF7DD-02BC-490E-8BBE-DE786B7B8114}.Debug|Any CPU.ActiveCfg = Debug|Any CPU
		{2B1DF7DD-02BC-490E-8BBE-DE786B7B8114}.Debug|Any CPU.Build.0 = Debug|Any CPU
		{2B1DF7DD-02BC-490E-8BBE-DE786B7B8114}.Debug|x64.ActiveCfg = Debug|Any CPU
		{2B1DF7DD-02BC-490E-8BBE-DE786B7B8114}.Debug|x64.Build.0 = Debug|Any CPU
		{2B1DF7DD-02BC-490E-8BBE-DE786B7B8114}.Debug|x86.ActiveCfg = Debug|Any CPU
		{2B1DF7DD-02BC-490E-8BBE-DE786B7B8114}.Debug|x86.Build.0 = Debug|Any CPU
		{2B1DF7DD-02BC-490E-8BBE-DE786B7B8114}.Release|Any CPU.ActiveCfg = Release|Any CPU
		{2B1DF7DD-02BC-490E-8BBE-DE786B7B8114}.Release|Any CPU.Build.0 = Release|Any CPU
		{2B1DF7DD-02BC-490E-8BBE-DE786B7B8114}.Release|x64.ActiveCfg = Release|Any CPU
		{2B1DF7DD-02BC-490E-8BBE-DE786B7B8114}.Release|x64.Build.0 = Release|Any CPU
		{2B1DF7DD-02BC-490E-8BBE-DE786B7B8114}.Release|x86.ActiveCfg = Release|Any CPU
		{2B1DF7DD-02BC-490E-8BBE-DE786B7B8114}.Release|x86.Build.0 = Release|Any CPU
		{868BF5A5-220B-4399-9930-C2854A3A1113}.Debug|Any CPU.ActiveCfg = Debug|Any CPU
		{868BF5A5-220B-4399-9930-C2854A3A1113}.Debug|Any CPU.Build.0 = Debug|Any CPU
		{868BF5A5-220B-4399-9930-C2854A3A1113}.Debug|x64.ActiveCfg = Debug|Any CPU
		{868BF5A5-220B-4399-9930-C2854A3A1113}.Debug|x64.Build.0 = Debug|Any CPU
		{868BF5A5-220B-4399-9930-C2854A3A1113}.Debug|x86.ActiveCfg = Debug|Any CPU
		{868BF5A5-220B-4399-9930-C2854A3A1113}.Debug|x86.Build.0 = Debug|Any CPU
		{868BF5A5-220B-4399-9930-C2854A3A1113}.Release|Any CPU.ActiveCfg = Release|Any CPU
		{868BF5A5-220B-4399-9930-C2854A3A1113}.Release|Any CPU.Build.0 = Release|Any CPU
		{868BF5A5-220B-4399-9930-C2854A3A1113}.Release|x64.ActiveCfg = Release|Any CPU
		{868BF5A5-220B-4399-9930-C2854A3A1113}.Release|x64.Build.0 = Release|Any CPU
		{868BF5A5-220B-4399-9930-C2854A3A1113}.Release|x86.ActiveCfg = Release|Any CPU
		{868BF5A5-220B-4399-9930-C2854A3A1113}.Release|x86.Build.0 = Release|Any CPU
		{A339D9E2-2793-4268-80D6-12D5621A1271}.Debug|Any CPU.ActiveCfg = Debug|Any CPU
		{A339D9E2-2793-4268-80D6-12D5621A1271}.Debug|Any CPU.Build.0 = Debug|Any CPU
		{A339D9E2-2793-4268-80D6-12D5621A1271}.Debug|x64.ActiveCfg = Debug|Any CPU
		{A339D9E2-2793-4268-80D6-12D5621A1271}.Debug|x64.Build.0 = Debug|Any CPU
		{A339D9E2-2793-4268-80D6-12D5621A1271}.Debug|x86.ActiveCfg = Debug|Any CPU
		{A339D9E2-2793-4268-80D6-12D5621A1271}.Debug|x86.Build.0 = Debug|Any CPU
		{A339D9E2-2793-4268-80D6-12D5621A1271}.Release|Any CPU.ActiveCfg = Release|Any CPU
		{A339D9E2-2793-4268-80D6-12D5621A1271}.Release|Any CPU.Build.0 = Release|Any CPU
		{A339D9E2-2793-4268-80D6-12D5621A1271}.Release|x64.ActiveCfg = Release|Any CPU
		{A339D9E2-2793-4268-80D6-12D5621A1271}.Release|x64.Build.0 = Release|Any CPU
		{A339D9E2-2793-4268-80D6-12D5621A1271}.Release|x86.ActiveCfg = Release|Any CPU
		{A339D9E2-2793-4268-80D6-12D5621A1271}.Release|x86.Build.0 = Release|Any CPU
		{3CF0F6A2-9C76-4E5D-A522-456CFF73A9C3}.Debug|Any CPU.ActiveCfg = Debug|Any CPU
		{3CF0F6A2-9C76-4E5D-A522-456CFF73A9C3}.Debug|Any CPU.Build.0 = Debug|Any CPU
		{3CF0F6A2-9C76-4E5D-A522-456CFF73A9C3}.Debug|x64.ActiveCfg = Debug|Any CPU
		{3CF0F6A2-9C76-4E5D-A522-456CFF73A9C3}.Debug|x64.Build.0 = Debug|Any CPU
		{3CF0F6A2-9C76-4E5D-A522-456CFF73A9C3}.Debug|x86.ActiveCfg = Debug|Any CPU
		{3CF0F6A2-9C76-4E5D-A522-456CFF73A9C3}.Debug|x86.Build.0 = Debug|Any CPU
		{3CF0F6A2-9C76-4E5D-A522-456CFF73A9C3}.Release|Any CPU.ActiveCfg = Release|Any CPU
		{3CF0F6A2-9C76-4E5D-A522-456CFF73A9C3}.Release|Any CPU.Build.0 = Release|Any CPU
		{3CF0F6A2-9C76-4E5D-A522-456CFF73A9C3}.Release|x64.ActiveCfg = Release|Any CPU
		{3CF0F6A2-9C76-4E5D-A522-456CFF73A9C3}.Release|x64.Build.0 = Release|Any CPU
		{3CF0F6A2-9C76-4E5D-A522-456CFF73A9C3}.Release|x86.ActiveCfg = Release|Any CPU
		{3CF0F6A2-9C76-4E5D-A522-456CFF73A9C3}.Release|x86.Build.0 = Release|Any CPU
		{06C20CCE-E1C6-4267-89FA-7AC2C96BAC8B}.Debug|Any CPU.ActiveCfg = Debug|Any CPU
		{06C20CCE-E1C6-4267-89FA-7AC2C96BAC8B}.Debug|Any CPU.Build.0 = Debug|Any CPU
		{06C20CCE-E1C6-4267-89FA-7AC2C96BAC8B}.Debug|x64.ActiveCfg = Debug|Any CPU
		{06C20CCE-E1C6-4267-89FA-7AC2C96BAC8B}.Debug|x64.Build.0 = Debug|Any CPU
		{06C20CCE-E1C6-4267-89FA-7AC2C96BAC8B}.Debug|x86.ActiveCfg = Debug|Any CPU
		{06C20CCE-E1C6-4267-89FA-7AC2C96BAC8B}.Debug|x86.Build.0 = Debug|Any CPU
		{06C20CCE-E1C6-4267-89FA-7AC2C96BAC8B}.Release|Any CPU.ActiveCfg = Release|Any CPU
		{06C20CCE-E1C6-4267-89FA-7AC2C96BAC8B}.Release|Any CPU.Build.0 = Release|Any CPU
		{06C20CCE-E1C6-4267-89FA-7AC2C96BAC8B}.Release|x64.ActiveCfg = Release|Any CPU
		{06C20CCE-E1C6-4267-89FA-7AC2C96BAC8B}.Release|x64.Build.0 = Release|Any CPU
		{06C20CCE-E1C6-4267-89FA-7AC2C96BAC8B}.Release|x86.ActiveCfg = Release|Any CPU
		{06C20CCE-E1C6-4267-89FA-7AC2C96BAC8B}.Release|x86.Build.0 = Release|Any CPU
		{96D6D263-4CA3-438D-A703-E976B5E69579}.Debug|Any CPU.ActiveCfg = Debug|Any CPU
		{96D6D263-4CA3-438D-A703-E976B5E69579}.Debug|Any CPU.Build.0 = Debug|Any CPU
		{96D6D263-4CA3-438D-A703-E976B5E69579}.Debug|x64.ActiveCfg = Debug|Any CPU
		{96D6D263-4CA3-438D-A703-E976B5E69579}.Debug|x64.Build.0 = Debug|Any CPU
		{96D6D263-4CA3-438D-A703-E976B5E69579}.Debug|x86.ActiveCfg = Debug|Any CPU
		{96D6D263-4CA3-438D-A703-E976B5E69579}.Debug|x86.Build.0 = Debug|Any CPU
		{96D6D263-4CA3-438D-A703-E976B5E69579}.Release|Any CPU.ActiveCfg = Release|Any CPU
		{96D6D263-4CA3-438D-A703-E976B5E69579}.Release|Any CPU.Build.0 = Release|Any CPU
		{96D6D263-4CA3-438D-A703-E976B5E69579}.Release|x64.ActiveCfg = Release|Any CPU
		{96D6D263-4CA3-438D-A703-E976B5E69579}.Release|x64.Build.0 = Release|Any CPU
		{96D6D263-4CA3-438D-A703-E976B5E69579}.Release|x86.ActiveCfg = Release|Any CPU
		{96D6D263-4CA3-438D-A703-E976B5E69579}.Release|x86.Build.0 = Release|Any CPU
		{48B28CB6-79E1-4B70-A377-22F6853DEB66}.Debug|Any CPU.ActiveCfg = Debug|Any CPU
		{48B28CB6-79E1-4B70-A377-22F6853DEB66}.Debug|Any CPU.Build.0 = Debug|Any CPU
		{48B28CB6-79E1-4B70-A377-22F6853DEB66}.Debug|x64.ActiveCfg = Debug|Any CPU
		{48B28CB6-79E1-4B70-A377-22F6853DEB66}.Debug|x64.Build.0 = Debug|Any CPU
		{48B28CB6-79E1-4B70-A377-22F6853DEB66}.Debug|x86.ActiveCfg = Debug|Any CPU
		{48B28CB6-79E1-4B70-A377-22F6853DEB66}.Debug|x86.Build.0 = Debug|Any CPU
		{48B28CB6-79E1-4B70-A377-22F6853DEB66}.Release|Any CPU.ActiveCfg = Release|Any CPU
		{48B28CB6-79E1-4B70-A377-22F6853DEB66}.Release|Any CPU.Build.0 = Release|Any CPU
		{48B28CB6-79E1-4B70-A377-22F6853DEB66}.Release|x64.ActiveCfg = Release|Any CPU
		{48B28CB6-79E1-4B70-A377-22F6853DEB66}.Release|x64.Build.0 = Release|Any CPU
		{48B28CB6-79E1-4B70-A377-22F6853DEB66}.Release|x86.ActiveCfg = Release|Any CPU
		{48B28CB6-79E1-4B70-A377-22F6853DEB66}.Release|x86.Build.0 = Release|Any CPU
	EndGlobalSection
	GlobalSection(SolutionProperties) = preSolution
		HideSolutionNode = FALSE
	EndGlobalSection
	GlobalSection(NestedProjects) = preSolution
		{2B1DF7DD-02BC-490E-8BBE-DE786B7B8114} = {FAF01498-0E49-4061-AD64-AB0E3B6EACBB}
		{868BF5A5-220B-4399-9930-C2854A3A1113} = {FAF01498-0E49-4061-AD64-AB0E3B6EACBB}
		{A339D9E2-2793-4268-80D6-12D5621A1271} = {FAF01498-0E49-4061-AD64-AB0E3B6EACBB}
	EndGlobalSection
	GlobalSection(ExtensibilityGlobals) = postSolution
		SolutionGuid = {8A1DCACD-711F-48CB-AFA0-9445B9E809D3}
	EndGlobalSection
EndGlobal
