
Microsoft Visual Studio Solution File, Format Version 12.00
# Visual Studio 15
VisualStudioVersion = 15.0.27004.2008
MinimumVisualStudioVersion = 15.0.26124.0
Project("{9A19103F-16F7-4668-BE54-9A1E7A4F7556}") = "BeavisCli", "BeavisCli\BeavisCli.csproj", "{868BF5A5-220B-4399-9930-C2854A3A1113}"
EndProject
Project("{9A19103F-16F7-4668-BE54-9A1E7A4F7556}") = "BeavisCli.Demo", "BeavisCli.Demo\BeavisCli.Demo.csproj", "{A65C27B2-C710-4161-A0BB-0F2103A6B9BB}"
EndProject
Project("{2150E333-8FDC-42A3-9474-1A3956D46DE8}") = "CLI", "CLI", "{0AD558D0-15C4-46DD-AFE4-483848B35F34}"
EndProject
Project("{2150E333-8FDC-42A3-9474-1A3956D46DE8}") = "Logs", "Logs", "{24D9AB28-41FC-43A2-AB48-E2F793425BB1}"
EndProject
Project("{9A19103F-16F7-4668-BE54-9A1E7A4F7556}") = "BeavisLogs", "BeavisLogs\BeavisLogs.csproj", "{A7991577-2C68-4131-8923-C42643CAA761}"
EndProject
Project("{9A19103F-16F7-4668-BE54-9A1E7A4F7556}") = "BeavisLogs.TestDataGenerator", "BeavisLogs.TestDataGenerator\BeavisLogs.TestDataGenerator.csproj", "{C259D536-2DD7-4B15-B9F6-8051B0518467}"
EndProject
Global
	GlobalSection(SolutionConfigurationPlatforms) = preSolution
		Debug|Any CPU = Debug|Any CPU
		Debug|x64 = Debug|x64
		Debug|x86 = Debug|x86
		Release|Any CPU = Release|Any CPU
		Release|x64 = Release|x64
		Release|x86 = Release|x86
	EndGlobalSection
	GlobalSection(ProjectConfigurationPlatforms) = postSolution
		{868BF5A5-220B-4399-9930-C2854A3A1113}.Debug|Any CPU.ActiveCfg = Debug|Any CPU
		{868BF5A5-220B-4399-9930-C2854A3A1113}.Debug|Any CPU.Build.0 = Debug|Any CPU
		{868BF5A5-220B-4399-9930-C2854A3A1113}.Debug|x64.ActiveCfg = Debug|Any CPU
		{868BF5A5-220B-4399-9930-C2854A3A1113}.Debug|x64.Build.0 = Debug|Any CPU
		{868BF5A5-220B-4399-9930-C2854A3A1113}.Debug|x86.ActiveCfg = Debug|Any CPU
		{868BF5A5-220B-4399-9930-C2854A3A1113}.Debug|x86.Build.0 = Debug|Any CPU
		{868BF5A5-220B-4399-9930-C2854A3A1113}.Release|Any CPU.ActiveCfg = Release|Any CPU
		{868BF5A5-220B-4399-9930-C2854A3A1113}.Release|Any CPU.Build.0 = Release|Any CPU
		{868BF5A5-220B-4399-9930-C2854A3A1113}.Release|x64.ActiveCfg = Release|Any CPU
		{868BF5A5-220B-4399-9930-C2854A3A1113}.Release|x64.Build.0 = Release|Any CPU
		{868BF5A5-220B-4399-9930-C2854A3A1113}.Release|x86.ActiveCfg = Release|Any CPU
		{868BF5A5-220B-4399-9930-C2854A3A1113}.Release|x86.Build.0 = Release|Any CPU
		{A65C27B2-C710-4161-A0BB-0F2103A6B9BB}.Debug|Any CPU.ActiveCfg = Debug|Any CPU
		{A65C27B2-C710-4161-A0BB-0F2103A6B9BB}.Debug|Any CPU.Build.0 = Debug|Any CPU
		{A65C27B2-C710-4161-A0BB-0F2103A6B9BB}.Debug|x64.ActiveCfg = Debug|Any CPU
		{A65C27B2-C710-4161-A0BB-0F2103A6B9BB}.Debug|x64.Build.0 = Debug|Any CPU
		{A65C27B2-C710-4161-A0BB-0F2103A6B9BB}.Debug|x86.ActiveCfg = Debug|Any CPU
		{A65C27B2-C710-4161-A0BB-0F2103A6B9BB}.Debug|x86.Build.0 = Debug|Any CPU
		{A65C27B2-C710-4161-A0BB-0F2103A6B9BB}.Release|Any CPU.ActiveCfg = Release|Any CPU
		{A65C27B2-C710-4161-A0BB-0F2103A6B9BB}.Release|Any CPU.Build.0 = Release|Any CPU
		{A65C27B2-C710-4161-A0BB-0F2103A6B9BB}.Release|x64.ActiveCfg = Release|Any CPU
		{A65C27B2-C710-4161-A0BB-0F2103A6B9BB}.Release|x64.Build.0 = Release|Any CPU
		{A65C27B2-C710-4161-A0BB-0F2103A6B9BB}.Release|x86.ActiveCfg = Release|Any CPU
		{A65C27B2-C710-4161-A0BB-0F2103A6B9BB}.Release|x86.Build.0 = Release|Any CPU
		{A7991577-2C68-4131-8923-C42643CAA761}.Debug|Any CPU.ActiveCfg = Debug|Any CPU
		{A7991577-2C68-4131-8923-C42643CAA761}.Debug|Any CPU.Build.0 = Debug|Any CPU
		{A7991577-2C68-4131-8923-C42643CAA761}.Debug|x64.ActiveCfg = Debug|Any CPU
		{A7991577-2C68-4131-8923-C42643CAA761}.Debug|x64.Build.0 = Debug|Any CPU
		{A7991577-2C68-4131-8923-C42643CAA761}.Debug|x86.ActiveCfg = Debug|Any CPU
		{A7991577-2C68-4131-8923-C42643CAA761}.Debug|x86.Build.0 = Debug|Any CPU
		{A7991577-2C68-4131-8923-C42643CAA761}.Release|Any CPU.ActiveCfg = Release|Any CPU
		{A7991577-2C68-4131-8923-C42643CAA761}.Release|Any CPU.Build.0 = Release|Any CPU
		{A7991577-2C68-4131-8923-C42643CAA761}.Release|x64.ActiveCfg = Release|Any CPU
		{A7991577-2C68-4131-8923-C42643CAA761}.Release|x64.Build.0 = Release|Any CPU
		{A7991577-2C68-4131-8923-C42643CAA761}.Release|x86.ActiveCfg = Release|Any CPU
		{A7991577-2C68-4131-8923-C42643CAA761}.Release|x86.Build.0 = Release|Any CPU
		{C259D536-2DD7-4B15-B9F6-8051B0518467}.Debug|Any CPU.ActiveCfg = Debug|Any CPU
		{C259D536-2DD7-4B15-B9F6-8051B0518467}.Debug|Any CPU.Build.0 = Debug|Any CPU
		{C259D536-2DD7-4B15-B9F6-8051B0518467}.Debug|x64.ActiveCfg = Debug|Any CPU
		{C259D536-2DD7-4B15-B9F6-8051B0518467}.Debug|x64.Build.0 = Debug|Any CPU
		{C259D536-2DD7-4B15-B9F6-8051B0518467}.Debug|x86.ActiveCfg = Debug|Any CPU
		{C259D536-2DD7-4B15-B9F6-8051B0518467}.Debug|x86.Build.0 = Debug|Any CPU
		{C259D536-2DD7-4B15-B9F6-8051B0518467}.Release|Any CPU.ActiveCfg = Release|Any CPU
		{C259D536-2DD7-4B15-B9F6-8051B0518467}.Release|Any CPU.Build.0 = Release|Any CPU
		{C259D536-2DD7-4B15-B9F6-8051B0518467}.Release|x64.ActiveCfg = Release|Any CPU
		{C259D536-2DD7-4B15-B9F6-8051B0518467}.Release|x64.Build.0 = Release|Any CPU
		{C259D536-2DD7-4B15-B9F6-8051B0518467}.Release|x86.ActiveCfg = Release|Any CPU
		{C259D536-2DD7-4B15-B9F6-8051B0518467}.Release|x86.Build.0 = Release|Any CPU
	EndGlobalSection
	GlobalSection(SolutionProperties) = preSolution
		HideSolutionNode = FALSE
	EndGlobalSection
	GlobalSection(NestedProjects) = preSolution
		{868BF5A5-220B-4399-9930-C2854A3A1113} = {0AD558D0-15C4-46DD-AFE4-483848B35F34}
		{A65C27B2-C710-4161-A0BB-0F2103A6B9BB} = {0AD558D0-15C4-46DD-AFE4-483848B35F34}
		{A7991577-2C68-4131-8923-C42643CAA761} = {24D9AB28-41FC-43A2-AB48-E2F793425BB1}
		{C259D536-2DD7-4B15-B9F6-8051B0518467} = {24D9AB28-41FC-43A2-AB48-E2F793425BB1}
	EndGlobalSection
	GlobalSection(ExtensibilityGlobals) = postSolution
		SolutionGuid = {8A1DCACD-711F-48CB-AFA0-9445B9E809D3}
	EndGlobalSection
EndGlobal
