
Microsoft Visual Studio Solution File, Format Version 12.00
# Visual Studio 15
VisualStudioVersion = 15.0.27004.2008
MinimumVisualStudioVersion = 15.0.26124.0
Project("{9A19103F-16F7-4668-BE54-9A1E7A4F7556}") = "BeavisCli", "BeavisCli\BeavisCli.csproj", "{868BF5A5-220B-4399-9930-C2854A3A1113}"
EndProject
Project("{2150E333-8FDC-42A3-9474-1A3956D46DE8}") = "CLI", "CLI", "{FAF01498-0E49-4061-AD64-AB0E3B6EACBB}"
EndProject
Project("{9A19103F-16F7-4668-BE54-9A1E7A4F7556}") = "Beavis", "Beavis\Beavis.csproj", "{CB134129-12F6-4312-90D6-F75E7D7506FC}"
EndProject
Project("{2150E333-8FDC-42A3-9474-1A3956D46DE8}") = "AppServer", "AppServer", "{3300D0DF-ADBB-44F4-9AE3-83452D6B031A}"
EndProject
Project("{FAE04EC0-301F-11D3-BF4B-00C04F79EFBC}") = "BeavisCli.Demo", "BeavisCli.Demo\BeavisCli.Demo.csproj", "{A65C27B2-C710-4161-A0BB-0F2103A6B9BB}"
EndProject
Global
	GlobalSection(SolutionConfigurationPlatforms) = preSolution
		Debug|Any CPU = Debug|Any CPU
		Debug|x64 = Debug|x64
		Debug|x86 = Debug|x86
		Release|Any CPU = Release|Any CPU
		Release|x64 = Release|x64
		Release|x86 = Release|x86
	EndGlobalSection
	GlobalSection(ProjectConfigurationPlatforms) = postSolution
		{868BF5A5-220B-4399-9930-C2854A3A1113}.Debug|Any CPU.ActiveCfg = Debug|Any CPU
		{868BF5A5-220B-4399-9930-C2854A3A1113}.Debug|Any CPU.Build.0 = Debug|Any CPU
		{868BF5A5-220B-4399-9930-C2854A3A1113}.Debug|x64.ActiveCfg = Debug|Any CPU
		{868BF5A5-220B-4399-9930-C2854A3A1113}.Debug|x64.Build.0 = Debug|Any CPU
		{868BF5A5-220B-4399-9930-C2854A3A1113}.Debug|x86.ActiveCfg = Debug|Any CPU
		{868BF5A5-220B-4399-9930-C2854A3A1113}.Debug|x86.Build.0 = Debug|Any CPU
		{868BF5A5-220B-4399-9930-C2854A3A1113}.Release|Any CPU.ActiveCfg = Release|Any CPU
		{868BF5A5-220B-4399-9930-C2854A3A1113}.Release|Any CPU.Build.0 = Release|Any CPU
		{868BF5A5-220B-4399-9930-C2854A3A1113}.Release|x64.ActiveCfg = Release|Any CPU
		{868BF5A5-220B-4399-9930-C2854A3A1113}.Release|x64.Build.0 = Release|Any CPU
		{868BF5A5-220B-4399-9930-C2854A3A1113}.Release|x86.ActiveCfg = Release|Any CPU
		{868BF5A5-220B-4399-9930-C2854A3A1113}.Release|x86.Build.0 = Release|Any CPU
		{CB134129-12F6-4312-90D6-F75E7D7506FC}.Debug|Any CPU.ActiveCfg = Debug|Any CPU
		{CB134129-12F6-4312-90D6-F75E7D7506FC}.Debug|Any CPU.Build.0 = Debug|Any CPU
		{CB134129-12F6-4312-90D6-F75E7D7506FC}.Debug|x64.ActiveCfg = Debug|Any CPU
		{CB134129-12F6-4312-90D6-F75E7D7506FC}.Debug|x64.Build.0 = Debug|Any CPU
		{CB134129-12F6-4312-90D6-F75E7D7506FC}.Debug|x86.ActiveCfg = Debug|Any CPU
		{CB134129-12F6-4312-90D6-F75E7D7506FC}.Debug|x86.Build.0 = Debug|Any CPU
		{CB134129-12F6-4312-90D6-F75E7D7506FC}.Release|Any CPU.ActiveCfg = Release|Any CPU
		{CB134129-12F6-4312-90D6-F75E7D7506FC}.Release|Any CPU.Build.0 = Release|Any CPU
		{CB134129-12F6-4312-90D6-F75E7D7506FC}.Release|x64.ActiveCfg = Release|Any CPU
		{CB134129-12F6-4312-90D6-F75E7D7506FC}.Release|x64.Build.0 = Release|Any CPU
		{CB134129-12F6-4312-90D6-F75E7D7506FC}.Release|x86.ActiveCfg = Release|Any CPU
		{CB134129-12F6-4312-90D6-F75E7D7506FC}.Release|x86.Build.0 = Release|Any CPU
		{A65C27B2-C710-4161-A0BB-0F2103A6B9BB}.Debug|Any CPU.ActiveCfg = Debug|Any CPU
		{A65C27B2-C710-4161-A0BB-0F2103A6B9BB}.Debug|Any CPU.Build.0 = Debug|Any CPU
		{A65C27B2-C710-4161-A0BB-0F2103A6B9BB}.Debug|x64.ActiveCfg = Debug|Any CPU
		{A65C27B2-C710-4161-A0BB-0F2103A6B9BB}.Debug|x64.Build.0 = Debug|Any CPU
		{A65C27B2-C710-4161-A0BB-0F2103A6B9BB}.Debug|x86.ActiveCfg = Debug|Any CPU
		{A65C27B2-C710-4161-A0BB-0F2103A6B9BB}.Debug|x86.Build.0 = Debug|Any CPU
		{A65C27B2-C710-4161-A0BB-0F2103A6B9BB}.Release|Any CPU.ActiveCfg = Release|Any CPU
		{A65C27B2-C710-4161-A0BB-0F2103A6B9BB}.Release|Any CPU.Build.0 = Release|Any CPU
		{A65C27B2-C710-4161-A0BB-0F2103A6B9BB}.Release|x64.ActiveCfg = Release|Any CPU
		{A65C27B2-C710-4161-A0BB-0F2103A6B9BB}.Release|x64.Build.0 = Release|Any CPU
		{A65C27B2-C710-4161-A0BB-0F2103A6B9BB}.Release|x86.ActiveCfg = Release|Any CPU
		{A65C27B2-C710-4161-A0BB-0F2103A6B9BB}.Release|x86.Build.0 = Release|Any CPU
	EndGlobalSection
	GlobalSection(SolutionProperties) = preSolution
		HideSolutionNode = FALSE
	EndGlobalSection
	GlobalSection(NestedProjects) = preSolution
		{868BF5A5-220B-4399-9930-C2854A3A1113} = {FAF01498-0E49-4061-AD64-AB0E3B6EACBB}
		{CB134129-12F6-4312-90D6-F75E7D7506FC} = {3300D0DF-ADBB-44F4-9AE3-83452D6B031A}
		{A65C27B2-C710-4161-A0BB-0F2103A6B9BB} = {FAF01498-0E49-4061-AD64-AB0E3B6EACBB}
	EndGlobalSection
	GlobalSection(ExtensibilityGlobals) = postSolution
		SolutionGuid = {8A1DCACD-711F-48CB-AFA0-9445B9E809D3}
	EndGlobalSection
EndGlobal
